
Microsoft Visual Studio Solution File, Format Version 12.00
# Visual Studio Version 16
VisualStudioVersion = 16.0.31313.79
MinimumVisualStudioVersion = 10.0.40219.1
Project("{FAE04EC0-301F-11D3-BF4B-00C04F79EFBC}") = "App1", "App1\App1.csproj", "{46B677B4-3A19-41BC-A796-69C9A7E185B2}"
EndProject
Project("{FAE04EC0-301F-11D3-BF4B-00C04F79EFBC}") = "HandpointSdk", "Bindings\HandpointSdk\HandpointSdk.csproj", "{58A4D129-DF32-48C2-947E-0EFC6E989812}"
EndProject
Project("{FAE04EC0-301F-11D3-BF4B-00C04F79EFBC}") = "HandpointPaymentSDK", "Bindings\HandpointPaymentSDK\HandpointPaymentSDK.csproj", "{0E177195-595F-44B3-820D-0C83516CA75E}"
EndProject
Project("{FAE04EC0-301F-11D3-BF4B-00C04F79EFBC}") = "HandpointPaymentSDK.Debug", "Bindings\HandpointPaymentSDK.Debug\HandpointPaymentSDK.Debug.csproj", "{9E0FC3CA-2C51-467E-B12E-79380B2900E2}"
EndProject
Project("{FAE04EC0-301F-11D3-BF4B-00C04F79EFBC}") = "HandpointSdk.Debug", "Bindings\HandpointSdk.Debug\HandpointSdk.Debug.csproj", "{A7FCDFE2-49FD-4CB0-A68F-41D74D698AF6}"
EndProject
Global
	GlobalSection(SolutionConfigurationPlatforms) = preSolution
		Debug|Any CPU = Debug|Any CPU
		Release|Any CPU = Release|Any CPU
	EndGlobalSection
	GlobalSection(ProjectConfigurationPlatforms) = postSolution
		{46B677B4-3A19-41BC-A796-69C9A7E185B2}.Debug|Any CPU.ActiveCfg = Debug|Any CPU
		{46B677B4-3A19-41BC-A796-69C9A7E185B2}.Debug|Any CPU.Build.0 = Debug|Any CPU
		{46B677B4-3A19-41BC-A796-69C9A7E185B2}.Debug|Any CPU.Deploy.0 = Debug|Any CPU
		{46B677B4-3A19-41BC-A796-69C9A7E185B2}.Release|Any CPU.ActiveCfg = Release|Any CPU
		{46B677B4-3A19-41BC-A796-69C9A7E185B2}.Release|Any CPU.Build.0 = Release|Any CPU
		{46B677B4-3A19-41BC-A796-69C9A7E185B2}.Release|Any CPU.Deploy.0 = Release|Any CPU
		{58A4D129-DF32-48C2-947E-0EFC6E989812}.Debug|Any CPU.ActiveCfg = Debug|Any CPU
		{58A4D129-DF32-48C2-947E-0EFC6E989812}.Debug|Any CPU.Build.0 = Debug|Any CPU
		{58A4D129-DF32-48C2-947E-0EFC6E989812}.Release|Any CPU.ActiveCfg = Release|Any CPU
		{58A4D129-DF32-48C2-947E-0EFC6E989812}.Release|Any CPU.Build.0 = Release|Any CPU
		{0E177195-595F-44B3-820D-0C83516CA75E}.Debug|Any CPU.ActiveCfg = Debug|Any CPU
		{0E177195-595F-44B3-820D-0C83516CA75E}.Debug|Any CPU.Build.0 = Debug|Any CPU
		{0E177195-595F-44B3-820D-0C83516CA75E}.Release|Any CPU.ActiveCfg = Release|Any CPU
		{0E177195-595F-44B3-820D-0C83516CA75E}.Release|Any CPU.Build.0 = Release|Any CPU
		{9E0FC3CA-2C51-467E-B12E-79380B2900E2}.Debug|Any CPU.ActiveCfg = Debug|Any CPU
		{9E0FC3CA-2C51-467E-B12E-79380B2900E2}.Debug|Any CPU.Build.0 = Debug|Any CPU
		{9E0FC3CA-2C51-467E-B12E-79380B2900E2}.Release|Any CPU.ActiveCfg = Release|Any CPU
		{9E0FC3CA-2C51-467E-B12E-79380B2900E2}.Release|Any CPU.Build.0 = Release|Any CPU
		{A7FCDFE2-49FD-4CB0-A68F-41D74D698AF6}.Debug|Any CPU.ActiveCfg = Debug|Any CPU
		{A7FCDFE2-49FD-4CB0-A68F-41D74D698AF6}.Debug|Any CPU.Build.0 = Debug|Any CPU
		{A7FCDFE2-49FD-4CB0-A68F-41D74D698AF6}.Release|Any CPU.ActiveCfg = Release|Any CPU
		{A7FCDFE2-49FD-4CB0-A68F-41D74D698AF6}.Release|Any CPU.Build.0 = Release|Any CPU
	EndGlobalSection
	GlobalSection(SolutionProperties) = preSolution
		HideSolutionNode = FALSE
	EndGlobalSection
	GlobalSection(ExtensibilityGlobals) = postSolution
		SolutionGuid = {D5329801-B55D-446D-809B-89D9B401EAD5}
	EndGlobalSection
EndGlobal
